# name|repo|commit
ComfyUI_MiniMax_H3_Extender|https://github.com/tritant/ComfyUI_MiniMax_H3_Extender.git|60efaf15c589d6671ef43e7c0946913a54221865
ComfyUI-SolAttn_triton|https://github.com/kijai/ComfyUI-SolAttn_triton.git|26d816ebd4f1e43a2c6e4d4759be3137f10a7a73
ComfyUI-Spectrum-MiniMax-H3|https://github.com/xmarre/ComfyUI-Spectrum-MiniMax-H3.git|806fe498d574a726fecb8818917f00a4b993fd77
ComfyUI-MAINodes|https://github.com/matlowai/ComfyUI-MAINodes.git|f4868b4a08e8a504ce86db54a17961d399ffa2bc
