ComfyUI|3c80da7f87ee359b2d06f107cb3c0797079dfbbb
Civicomfy|ed74bbfade04e4229764f0d690d095e7aee06a1a
ComfyUI-Easy-Use|8730ffd14044ee9392db3b192646266576bc67df
ComfyUI-KJNodes|d3cfe21625e5170126ce06fbfcfe1d88108688c3
ComfyUI-Manager|e16cccb83f01bb1d2dc9d046bc7c3c5d6efabd4f
ComfyUI-RunpodDirect|6e772ccbac1e1128db33a2237ed25eb24b1ad782
ComfyUI-VideoHelperSuite|4d907bee61e92c2e65af3bd6383a4e4d356126d1
ComfyUI-Workflow-Encrypt|5ec45fdac73d8bd6d732af76bbe81c94413b3e36
ComfyUI_Text_Translation|495f9773dd3651a366ebac664fc4b0f301e9b1b3
Comfyui_Minimax_h3_latent_Upscaler|d7c01b9011f2e8439493f6c02c29995a27df276f
comfyui-minimax-h3-audio-T8|b92b12f71a4eb0a9288cbbab26a3c05db9a1c433
